// !$*UTF8*$!
{
	archiveVersion = 1;
	classes = {
	};
	objectVersion = 50;
	objects = {

/* Begin PBXBuildFile section */
		010323FC225A1FAB005758F3 /* AppDelegate.swift in Sources */ = {isa = PBXBuildFile; fileRef = 010323FB225A1FAB005758F3 /* AppDelegate.swift */; };
		010323FE225A1FAB005758F3 /* Document.swift in Sources */ = {isa = PBXBuildFile; fileRef = 010323FD225A1FAB005758F3 /* Document.swift */; };
		01032401225A1FAB005758F3 /* Document.xib in Resources */ = {isa = PBXBuildFile; fileRef = 010323FF225A1FAB005758F3 /* Document.xib */; };
		01032404225A1FAB005758F3 /* Document.xcdatamodeld in Sources */ = {isa = PBXBuildFile; fileRef = 01032402225A1FAB005758F3 /* Document.xcdatamodeld */; };
		01032406225A1FAC005758F3 /* Assets.xcassets in Resources */ = {isa = PBXBuildFile; fileRef = 01032405225A1FAC005758F3 /* Assets.xcassets */; };
		01032409225A1FAC005758F3 /* MainMenu.xib in Resources */ = {isa = PBXBuildFile; fileRef = 01032407225A1FAC005758F3 /* MainMenu.xib */; };
/* End PBXBuildFile section */

/* Begin PBXFileReference section */
		010323F8225A1FAB005758F3 /* Company.app */ = {isa = PBXFileReference; explicitFileType = wrapper.application; includeInIndex = 0; path = Company.app; sourceTree = BUILT_PRODUCTS_DIR; };
		010323FB225A1FAB005758F3 /* AppDelegate.swift */ = {isa = PBXFileReference; lastKnownFileType = sourcecode.swift; path = AppDelegate.swift; sourceTree = "<group>"; };
		010323FD225A1FAB005758F3 /* Document.swift */ = {isa = PBXFileReference; lastKnownFileType = sourcecode.swift; path = Document.swift; sourceTree = "<group>"; };
		01032400225A1FAB005758F3 /* Base */ = {isa = PBXFileReference; lastKnownFileType = file.xib; name = Base; path = Base.lproj/Document.xib; sourceTree = "<group>"; };
		01032403225A1FAB005758F3 /* Document.xcdatamodel */ = {isa = PBXFileReference; lastKnownFileType = wrapper.xcdatamodel; path = Document.xcdatamodel; sourceTree = "<group>"; };
		01032405225A1FAC005758F3 /* Assets.xcassets */ = {isa = PBXFileReference; lastKnownFileType = folder.assetcatalog; path = Assets.xcassets; sourceTree = "<group>"; };
		01032408225A1FAC005758F3 /* Base */ = {isa = PBXFileReference; lastKnownFileType = file.xib; name = Base; path = Base.lproj/MainMenu.xib; sourceTree = "<group>"; };
		0103240A225A1FAC005758F3 /* Info.plist */ = {isa = PBXFileReference; lastKnownFileType = text.plist.xml; path = Info.plist; sourceTree = "<group>"; };
		0103240B225A1FAC005758F3 /* Company.entitlements */ = {isa = PBXFileReference; lastKnownFileType = text.plist.entitlements; path = Company.entitlements; sourceTree = "<group>"; };
		01032411225A1FC0005758F3 /* README.md */ = {isa = PBXFileReference; lastKnownFileType = net.daringfireball.markdown; path = README.md; sourceTree = "<group>"; };
/* End PBXFileReference section */

/* Begin PBXFrameworksBuildPhase section */
		010323F5225A1FAB005758F3 /* Frameworks */ = {
			isa = PBXFrameworksBuildPhase;
			buildActionMask = 2147483647;
			files = (
			);
			runOnlyForDeploymentPostprocessing = 0;
		};
/* End PBXFrameworksBuildPhase section */

/* Begin PBXGroup section */
		010323EF225A1FAB005758F3 = {
			isa = PBXGroup;
			children = (
				01032411225A1FC0005758F3 /* README.md */,
				010323FA225A1FAB005758F3 /* Company */,
				010323F9225A1FAB005758F3 /* Products */,
			);
			sourceTree = "<group>";
		};
		010323F9225A1FAB005758F3 /* Products */ = {
			isa = PBXGroup;
			children = (
				010323F8225A1FAB005758F3 /* Company.app */,
			);
			name = Products;
			sourceTree = "<group>";
		};
		010323FA225A1FAB005758F3 /* Company */ = {
			isa = PBXGroup;
			children = (
				010323FB225A1FAB005758F3 /* AppDelegate.swift */,
				010323FD225A1FAB005758F3 /* Document.swift */,
				010323FF225A1FAB005758F3 /* Document.xib */,
				01032405225A1FAC005758F3 /* Assets.xcassets */,
				01032407225A1FAC005758F3 /* MainMenu.xib */,
				0103240A225A1FAC005758F3 /* Info.plist */,
				0103240B225A1FAC005758F3 /* Company.entitlements */,
				01032402225A1FAB005758F3 /* Document.xcdatamodeld */,
			);
			path = Company;
			sourceTree = "<group>";
		};
/* End PBXGroup section */

/* Begin PBXNativeTarget section */
		010323F7225A1FAB005758F3 /* Company */ = {
			isa = PBXNativeTarget;
			buildConfigurationList = 0103240E225A1FAC005758F3 /* Build configuration list for PBXNativeTarget "Company" */;
			buildPhases = (
				010323F4225A1FAB005758F3 /* Sources */,
				010323F5225A1FAB005758F3 /* Frameworks */,
				010323F6225A1FAB005758F3 /* Resources */,
			);
			buildRules = (
			);
			dependencies = (
			);
			name = Company;
			productName = Company;
			productReference = 010323F8225A1FAB005758F3 /* Company.app */;
			productType = "com.apple.product-type.application";
		};
/* End PBXNativeTarget section */

/* Begin PBXProject section */
		010323F0225A1FAB005758F3 /* Project object */ = {
			isa = PBXProject;
			attributes = {
				LastSwiftUpdateCheck = 1020;
				LastUpgradeCheck = 1020;
				ORGANIZATIONNAME = "Alexander Ignition";
				TargetAttributes = {
					010323F7225A1FAB005758F3 = {
						CreatedOnToolsVersion = 10.2;
						SystemCapabilities = {
							com.apple.Sandbox = {
								enabled = 1;
							};
						};
					};
				};
			};
			buildConfigurationList = 010323F3225A1FAB005758F3 /* Build configuration list for PBXProject "Company" */;
			compatibilityVersion = "Xcode 9.3";
			developmentRegion = en;
			hasScannedForEncodings = 0;
			knownRegions = (
				en,
				Base,
			);
			mainGroup = 010323EF225A1FAB005758F3;
			productRefGroup = 010323F9225A1FAB005758F3 /* Products */;
			projectDirPath = "";
			projectRoot = "";
			targets = (
				010323F7225A1FAB005758F3 /* Company */,
			);
		};
/* End PBXProject section */

/* Begin PBXResourcesBuildPhase section */
		010323F6225A1FAB005758F3 /* Resources */ = {
			isa = PBXResourcesBuildPhase;
			buildActionMask = 2147483647;
			files = (
				01032406225A1FAC005758F3 /* Assets.xcassets in Resources */,
				01032401225A1FAB005758F3 /* Document.xib in Resources */,
				01032409225A1FAC005758F3 /* MainMenu.xib in Resources */,
			);
			runOnlyForDeploymentPostprocessing = 0;
		};
/* End PBXResourcesBuildPhase section */

/* Begin PBXSourcesBuildPhase section */
		010323F4225A1FAB005758F3 /* Sources */ = {
			isa = PBXSourcesBuildPhase;
			buildActionMask = 2147483647;
			files = (
				01032404225A1FAB005758F3 /* Document.xcdatamodeld in Sources */,
				010323FE225A1FAB005758F3 /* Document.swift in Sources */,
				010323FC225A1FAB005758F3 /* AppDelegate.swift in Sources */,
			);
			runOnlyForDeploymentPostprocessing = 0;
		};
/* End PBXSourcesBuildPhase section */

/* Begin PBXVariantGroup section */
		010323FF225A1FAB005758F3 /* Document.xib */ = {
			isa = PBXVariantGroup;
			children = (
				01032400225A1FAB005758F3 /* Base */,
			);
			name = Document.xib;
			sourceTree = "<group>";
		};
		01032407225A1FAC005758F3 /* MainMenu.xib */ = {
			isa = PBXVariantGroup;
			children = (
				01032408225A1FAC005758F3 /* Base */,
			);
			name = MainMenu.xib;
			sourceTree = "<group>";
		};
/* End PBXVariantGroup section */

/* Begin XCBuildConfiguration section */
		0103240C225A1FAC005758F3 /* Debug */ = {
			isa = XCBuildConfiguration;
			buildSettings = {
				ALWAYS_SEARCH_USER_PATHS = NO;
				CLANG_ANALYZER_NONNULL = YES;
				CLANG_ANALYZER_NUMBER_OBJECT_CONVERSION = YES_AGGRESSIVE;
				CLANG_CXX_LANGUAGE_STANDARD = "gnu++14";
				CLANG_CXX_LIBRARY = "libc++";
				CLANG_ENABLE_MODULES = YES;
				CLANG_ENABLE_OBJC_ARC = YES;
				CLANG_ENABLE_OBJC_WEAK = YES;
				CLANG_WARN_BLOCK_CAPTURE_AUTORELEASING = YES;
				CLANG_WARN_BOOL_CONVERSION = YES;
				CLANG_WARN_COMMA = YES;
				CLANG_WARN_CONSTANT_CONVERSION = YES;
				CLANG_WARN_DEPRECATED_OBJC_IMPLEMENTATIONS = YES;
				CLANG_WARN_DIRECT_OBJC_ISA_USAGE = YES_ERROR;
				CLANG_WARN_DOCUMENTATION_COMMENTS = YES;
				CLANG_WARN_EMPTY_BODY = YES;
				CLANG_WARN_ENUM_CONVERSION = YES;
				CLANG_WARN_INFINITE_RECURSION = YES;
				CLANG_WARN_INT_CONVERSION = YES;
				CLANG_WARN_NON_LITERAL_NULL_CONVERSION = YES;
				CLANG_WARN_OBJC_IMPLICIT_RETAIN_SELF = YES;
				CLANG_WARN_OBJC_LITERAL_CONVERSION = YES;
				CLANG_WARN_OBJC_ROOT_CLASS = YES_ERROR;
				CLANG_WARN_RANGE_LOOP_ANALYSIS = YES;
				CLANG_WARN_STRICT_PROTOTYPES = YES;
				CLANG_WARN_SUSPICIOUS_MOVE = YES;
				CLANG_WARN_UNGUARDED_AVAILABILITY = YES_AGGRESSIVE;
				CLANG_WARN_UNREACHABLE_CODE = YES;
				CLANG_WARN__DUPLICATE_METHOD_MATCH = YES;
				CODE_SIGN_IDENTITY = "-";
				COPY_PHASE_STRIP = NO;
				DEBUG_INFORMATION_FORMAT = dwarf;
				ENABLE_STRICT_OBJC_MSGSEND = YES;
				ENABLE_TESTABILITY = YES;
				GCC_C_LANGUAGE_STANDARD = gnu11;
				GCC_DYNAMIC_NO_PIC = NO;
				GCC_NO_COMMON_BLOCKS = YES;
				GCC_OPTIMIZATION_LEVEL = 0;
				GCC_PREPROCESSOR_DEFINITIONS = (
					"DEBUG=1",
					"$(inherited)",
				);
				GCC_WARN_64_TO_32_BIT_CONVERSION = YES;
				GCC_WARN_ABOUT_RETURN_TYPE = YES_ERROR;
				GCC_WARN_UNDECLARED_SELECTOR = YES;
				GCC_WARN_UNINITIALIZED_AUTOS = YES_AGGRESSIVE;
				GCC_WARN_UNUSED_FUNCTION = YES;
				GCC_WARN_UNUSED_VARIABLE = YES;
				MACOSX_DEPLOYMENT_TARGET = 10.14;
				MTL_ENABLE_DEBUG_INFO = INCLUDE_SOURCE;
				MTL_FAST_MATH = YES;
				ONLY_ACTIVE_ARCH = YES;
				SDKROOT = macosx;
				SWIFT_ACTIVE_COMPILATION_CONDITIONS = DEBUG;
				SWIFT_OPTIMIZATION_LEVEL = "-Onone";
			};
			name = Debug;
		};
		0103240D225A1FAC005758F3 /* Release */ = {
			isa = XCBuildConfiguration;
			buildSettings = {
				ALWAYS_SEARCH_USER_PATHS = NO;
				CLANG_ANALYZER_NONNULL = YES;
				CLANG_ANALYZER_NUMBER_OBJECT_CONVERSION = YES_AGGRESSIVE;
				CLANG_CXX_LANGUAGE_STANDARD = "gnu++14";
				CLANG_CXX_LIBRARY = "libc++";
				CLANG_ENABLE_MODULES = YES;
				CLANG_ENABLE_OBJC_ARC = YES;
				CLANG_ENABLE_OBJC_WEAK = YES;
				CLANG_WARN_BLOCK_CAPTURE_AUTORELEASING = YES;
				CLANG_WARN_BOOL_CONVERSION = YES;
				CLANG_WARN_COMMA = YES;
				CLANG_WARN_CONSTANT_CONVERSION = YES;
				CLANG_WARN_DEPRECATED_OBJC_IMPLEMENTATIONS = YES;
				CLANG_WARN_DIRECT_OBJC_ISA_USAGE = YES_ERROR;
				CLANG_WARN_DOCUMENTATION_COMMENTS = YES;
				CLANG_WARN_EMPTY_BODY = YES;
				CLANG_WARN_ENUM_CONVERSION = YES;
				CLANG_WARN_INFINITE_RECURSION = YES;
				CLANG_WARN_INT_CONVERSION = YES;
				CLANG_WARN_NON_LITERAL_NULL_CONVERSION = YES;
				CLANG_WARN_OBJC_IMPLICIT_RETAIN_SELF = YES;
				CLANG_WARN_OBJC_LITERAL_CONVERSION = YES;
				CLANG_WARN_OBJC_ROOT_CLASS = YES_ERROR;
				CLANG_WARN_RANGE_LOOP_ANALYSIS = YES;
				CLANG_WARN_STRICT_PROTOTYPES = YES;
				CLANG_WARN_SUSPICIOUS_MOVE = YES;
				CLANG_WARN_UNGUARDED_AVAILABILITY = YES_AGGRESSIVE;
				CLANG_WARN_UNREACHABLE_CODE = YES;
				CLANG_WARN__DUPLICATE_METHOD_MATCH = YES;
				CODE_SIGN_IDENTITY = "-";
				COPY_PHASE_STRIP = NO;
				DEBUG_INFORMATION_FORMAT = "dwarf-with-dsym";
				ENABLE_NS_ASSERTIONS = NO;
				ENABLE_STRICT_OBJC_MSGSEND = YES;
				GCC_C_LANGUAGE_STANDARD = gnu11;
				GCC_NO_COMMON_BLOCKS = YES;
				GCC_WARN_64_TO_32_BIT_CONVERSION = YES;
				GCC_WARN_ABOUT_RETURN_TYPE = YES_ERROR;
				GCC_WARN_UNDECLARED_SELECTOR = YES;
				GCC_WARN_UNINITIALIZED_AUTOS = YES_AGGRESSIVE;
				GCC_WARN_UNUSED_FUNCTION = YES;
				GCC_WARN_UNUSED_VARIABLE = YES;
				MACOSX_DEPLOYMENT_TARGET = 10.14;
				MTL_ENABLE_DEBUG_INFO = NO;
				MTL_FAST_MATH = YES;
				SDKROOT = macosx;
				SWIFT_COMPILATION_MODE = wholemodule;
				SWIFT_OPTIMIZATION_LEVEL = "-O";
			};
			name = Release;
		};
		0103240F225A1FAC005758F3 /* Debug */ = {
			isa = XCBuildConfiguration;
			buildSettings = {
				ASSETCATALOG_COMPILER_APPICON_NAME = AppIcon;
				CODE_SIGN_ENTITLEMENTS = Company/Company.entitlements;
				CODE_SIGN_STYLE = Automatic;
				COMBINE_HIDPI_IMAGES = YES;
				DEVELOPMENT_TEAM = QM3357L793;
				INFOPLIST_FILE = Company/Info.plist;
				LD_RUNPATH_SEARCH_PATHS = (
					"$(inherited)",
					"@executable_path/../Frameworks",
				);
				PRODUCT_BUNDLE_IDENTIFIER = "com.alex-ignition.Company";
				PRODUCT_NAME = "$(TARGET_NAME)";
				SWIFT_VERSION = 5.0;
			};
			name = Debug;
		};
		01032410225A1FAC005758F3 /* Release */ = {
			isa = XCBuildConfiguration;
			buildSettings = {
				ASSETCATALOG_COMPILER_APPICON_NAME = AppIcon;
				CODE_SIGN_ENTITLEMENTS = Company/Company.entitlements;
				CODE_SIGN_STYLE = Automatic;
				COMBINE_HIDPI_IMAGES = YES;
				DEVELOPMENT_TEAM = QM3357L793;
				INFOPLIST_FILE = Company/Info.plist;
				LD_RUNPATH_SEARCH_PATHS = (
					"$(inherited)",
					"@executable_path/../Frameworks",
				);
				PRODUCT_BUNDLE_IDENTIFIER = "com.alex-ignition.Company";
				PRODUCT_NAME = "$(TARGET_NAME)";
				SWIFT_VERSION = 5.0;
			};
			name = Release;
		};
/* End XCBuildConfiguration section */

/* Begin XCConfigurationList section */
		010323F3225A1FAB005758F3 /* Build configuration list for PBXProject "Company" */ = {
			isa = XCConfigurationList;
			buildConfigurations = (
				0103240C225A1FAC005758F3 /* Debug */,
				0103240D225A1FAC005758F3 /* Release */,
			);
			defaultConfigurationIsVisible = 0;
			defaultConfigurationName = Release;
		};
		0103240E225A1FAC005758F3 /* Build configuration list for PBXNativeTarget "Company" */ = {
			isa = XCConfigurationList;
			buildConfigurations = (
				0103240F225A1FAC005758F3 /* Debug */,
				01032410225A1FAC005758F3 /* Release */,
			);
			defaultConfigurationIsVisible = 0;
			defaultConfigurationName = Release;
		};
/* End XCConfigurationList section */

/* Begin XCVersionGroup section */
		01032402225A1FAB005758F3 /* Document.xcdatamodeld */ = {
			isa = XCVersionGroup;
			children = (
				01032403225A1FAB005758F3 /* Document.xcdatamodel */,
			);
			currentVersion = 01032403225A1FAB005758F3 /* Document.xcdatamodel */;
			path = Document.xcdatamodeld;
			sourceTree = "<group>";
			versionGroupType = wrapper.xcdatamodel;
		};
/* End XCVersionGroup section */
	};
	rootObject = 010323F0225A1FAB005758F3 /* Project object */;
}
